{
  "name": "function",
  "version": "1.1.0",
  "lockfileVersion": 1,
  "requires": true,
  "dependencies": {
    "phone": {
      "version": "2.4.8",
      "resolved": "https://registry.npmjs.org/phone/-/phone-2.4.8.tgz",
      "integrity": "sha512-8RO0PfJPzjsWKhbU9W79f7exxkEgjrjbkHqG3psV3SI2q+SJqDEC7We3Ylxivk8XNdoZ8jDs4TPHnqCVs8TwNA=="
    },
    "uuid": {
      "version": "8.0.0",
      "resolved": "https://registry.npmjs.org/uuid/-/uuid-8.0.0.tgz",
      "integrity": "sha512-jOXGuXZAWdsTH7eZLtyXMqUb9EcWMGZNbL9YcGBJl4MH4nrxHmZJhEHvyLFrkxo+28uLb/NYRcStH48fnD0Vzw=="
    },
    "vm2": {
      "version": "3.9.4",
      "resolved": "https://registry.npmjs.org/vm2/-/vm2-3.9.4.tgz",
      "integrity": "sha512-sOdharrJ7KEePIpHekiWaY1DwgueuiBeX/ZBJUPgETsVlJsXuEx0K0/naATq2haFvJrvZnRiORQRubR0b7Ye6g=="
    }
  }
}
